// !$*UTF8*$!
{
	archiveVersion = 1;
	classes = {
	};
	objectVersion = 50;
	objects = {

/* Begin PBXBuildFile section */
		3719F65F20F5BE0B0046D568 /* AppDelegate.swift in Sources */ = {isa = PBXBuildFile; fileRef = 3719F65E20F5BE0B0046D568 /* AppDelegate.swift */; };
		3719F66120F5BE0B0046D568 /* ViewController.swift in Sources */ = {isa = PBXBuildFile; fileRef = 3719F66020F5BE0B0046D568 /* ViewController.swift */; };
		3719F66420F5BE0B0046D568 /* Main.storyboard in Resources */ = {isa = PBXBuildFile; fileRef = 3719F66220F5BE0B0046D568 /* Main.storyboard */; };
		3719F66620F5BE0C0046D568 /* Assets.xcassets in Resources */ = {isa = PBXBuildFile; fileRef = 3719F66520F5BE0C0046D568 /* Assets.xcassets */; };
		3719F66920F5BE0C0046D568 /* LaunchScreen.storyboard in Resources */ = {isa = PBXBuildFile; fileRef = 3719F66720F5BE0C0046D568 /* LaunchScreen.storyboard */; };
		3719F67420F5BE0C0046D568 /* bubble_animationTests.swift in Sources */ = {isa = PBXBuildFile; fileRef = 3719F67320F5BE0C0046D568 /* bubble_animationTests.swift */; };
/* End PBXBuildFile section */

/* Begin PBXContainerItemProxy section */
		3719F67020F5BE0C0046D568 /* PBXContainerItemProxy */ = {
			isa = PBXContainerItemProxy;
			containerPortal = 3719F65320F5BE0B0046D568 /* Project object */;
			proxyType = 1;
			remoteGlobalIDString = 3719F65A20F5BE0B0046D568;
			remoteInfo = "transform animation";
		};
/* End PBXContainerItemProxy section */

/* Begin PBXFileReference section */
		3719F65B20F5BE0B0046D568 /* bubble animation.app */ = {isa = PBXFileReference; explicitFileType = wrapper.application; includeInIndex = 0; path = "bubble animation.app"; sourceTree = BUILT_PRODUCTS_DIR; };
		3719F65E20F5BE0B0046D568 /* AppDelegate.swift */ = {isa = PBXFileReference; lastKnownFileType = sourcecode.swift; path = AppDelegate.swift; sourceTree = "<group>"; };
		3719F66020F5BE0B0046D568 /* ViewController.swift */ = {isa = PBXFileReference; lastKnownFileType = sourcecode.swift; path = ViewController.swift; sourceTree = "<group>"; };
		3719F66320F5BE0B0046D568 /* Base */ = {isa = PBXFileReference; lastKnownFileType = file.storyboard; name = Base; path = Base.lproj/Main.storyboard; sourceTree = "<group>"; };
		3719F66520F5BE0C0046D568 /* Assets.xcassets */ = {isa = PBXFileReference; lastKnownFileType = folder.assetcatalog; path = Assets.xcassets; sourceTree = "<group>"; };
		3719F66820F5BE0C0046D568 /* Base */ = {isa = PBXFileReference; lastKnownFileType = file.storyboard; name = Base; path = Base.lproj/LaunchScreen.storyboard; sourceTree = "<group>"; };
		3719F66A20F5BE0C0046D568 /* Info.plist */ = {isa = PBXFileReference; lastKnownFileType = text.plist.xml; path = Info.plist; sourceTree = "<group>"; };
		3719F66F20F5BE0C0046D568 /* bubble animationTests.xctest */ = {isa = PBXFileReference; explicitFileType = wrapper.cfbundle; includeInIndex = 0; path = "bubble animationTests.xctest"; sourceTree = BUILT_PRODUCTS_DIR; };
		3719F67320F5BE0C0046D568 /* bubble_animationTests.swift */ = {isa = PBXFileReference; lastKnownFileType = sourcecode.swift; path = bubble_animationTests.swift; sourceTree = "<group>"; };
		3719F67520F5BE0C0046D568 /* Info.plist */ = {isa = PBXFileReference; lastKnownFileType = text.plist.xml; path = Info.plist; sourceTree = "<group>"; };
/* End PBXFileReference section */

/* Begin PBXFrameworksBuildPhase section */
		3719F65820F5BE0B0046D568 /* Frameworks */ = {
			isa = PBXFrameworksBuildPhase;
			buildActionMask = 2147483647;
			files = (
			);
			runOnlyForDeploymentPostprocessing = 0;
		};
		3719F66C20F5BE0C0046D568 /* Frameworks */ = {
			isa = PBXFrameworksBuildPhase;
			buildActionMask = 2147483647;
			files = (
			);
			runOnlyForDeploymentPostprocessing = 0;
		};
/* End PBXFrameworksBuildPhase section */

/* Begin PBXGroup section */
		3719F65220F5BE0B0046D568 = {
			isa = PBXGroup;
			children = (
				3719F65D20F5BE0B0046D568 /* bubble animation */,
				3719F67220F5BE0C0046D568 /* bubble animationTests */,
				3719F65C20F5BE0B0046D568 /* Products */,
			);
			sourceTree = "<group>";
		};
		3719F65C20F5BE0B0046D568 /* Products */ = {
			isa = PBXGroup;
			children = (
				3719F65B20F5BE0B0046D568 /* bubble animation.app */,
				3719F66F20F5BE0C0046D568 /* bubble animationTests.xctest */,
			);
			name = Products;
			sourceTree = "<group>";
		};
		3719F65D20F5BE0B0046D568 /* bubble animation */ = {
			isa = PBXGroup;
			children = (
				3719F65E20F5BE0B0046D568 /* AppDelegate.swift */,
				3719F66020F5BE0B0046D568 /* ViewController.swift */,
				3719F66220F5BE0B0046D568 /* Main.storyboard */,
				3719F66520F5BE0C0046D568 /* Assets.xcassets */,
				3719F66720F5BE0C0046D568 /* LaunchScreen.storyboard */,
				3719F66A20F5BE0C0046D568 /* Info.plist */,
			);
			path = "bubble animation";
			sourceTree = "<group>";
		};
		3719F67220F5BE0C0046D568 /* bubble animationTests */ = {
			isa = PBXGroup;
			children = (
				3719F67320F5BE0C0046D568 /* bubble_animationTests.swift */,
				3719F67520F5BE0C0046D568 /* Info.plist */,
			);
			path = "bubble animationTests";
			sourceTree = "<group>";
		};
/* End PBXGroup section */

/* Begin PBXNativeTarget section */
		3719F65A20F5BE0B0046D568 /* bubble animation */ = {
			isa = PBXNativeTarget;
			buildConfigurationList = 3719F67820F5BE0C0046D568 /* Build configuration list for PBXNativeTarget "bubble animation" */;
			buildPhases = (
				3719F65720F5BE0B0046D568 /* Sources */,
				3719F65820F5BE0B0046D568 /* Frameworks */,
				3719F65920F5BE0B0046D568 /* Resources */,
			);
			buildRules = (
			);
			dependencies = (
			);
			name = "bubble animation";
			productName = "transform animation";
			productReference = 3719F65B20F5BE0B0046D568 /* bubble animation.app */;
			productType = "com.apple.product-type.application";
		};
		3719F66E20F5BE0C0046D568 /* bubble animationTests */ = {
			isa = PBXNativeTarget;
			buildConfigurationList = 3719F67B20F5BE0C0046D568 /* Build configuration list for PBXNativeTarget "bubble animationTests" */;
			buildPhases = (
				3719F66B20F5BE0C0046D568 /* Sources */,
				3719F66C20F5BE0C0046D568 /* Frameworks */,
				3719F66D20F5BE0C0046D568 /* Resources */,
			);
			buildRules = (
			);
			dependencies = (
				3719F67120F5BE0C0046D568 /* PBXTargetDependency */,
			);
			name = "bubble animationTests";
			productName = "transform animationTests";
			productReference = 3719F66F20F5BE0C0046D568 /* bubble animationTests.xctest */;
			productType = "com.apple.product-type.bundle.unit-test";
		};
/* End PBXNativeTarget section */

/* Begin PBXProject section */
		3719F65320F5BE0B0046D568 /* Project object */ = {
			isa = PBXProject;
			attributes = {
				LastSwiftUpdateCheck = 0940;
				LastUpgradeCheck = 0940;
				ORGANIZATIONNAME = "Yoshua Elmaryono";
				TargetAttributes = {
					3719F65A20F5BE0B0046D568 = {
						CreatedOnToolsVersion = 9.4.1;
					};
					3719F66E20F5BE0C0046D568 = {
						CreatedOnToolsVersion = 9.4.1;
						TestTargetID = 3719F65A20F5BE0B0046D568;
					};
				};
			};
			buildConfigurationList = 3719F65620F5BE0B0046D568 /* Build configuration list for PBXProject "bubble animation" */;
			compatibilityVersion = "Xcode 9.3";
			developmentRegion = en;
			hasScannedForEncodings = 0;
			knownRegions = (
				en,
				Base,
			);
			mainGroup = 3719F65220F5BE0B0046D568;
			productRefGroup = 3719F65C20F5BE0B0046D568 /* Products */;
			projectDirPath = "";
			projectRoot = "";
			targets = (
				3719F65A20F5BE0B0046D568 /* bubble animation */,
				3719F66E20F5BE0C0046D568 /* bubble animationTests */,
			);
		};
/* End PBXProject section */

/* Begin PBXResourcesBuildPhase section */
		3719F65920F5BE0B0046D568 /* Resources */ = {
			isa = PBXResourcesBuildPhase;
			buildActionMask = 2147483647;
			files = (
				3719F66920F5BE0C0046D568 /* LaunchScreen.storyboard in Resources */,
				3719F66620F5BE0C0046D568 /* Assets.xcassets in Resources */,
				3719F66420F5BE0B0046D568 /* Main.storyboard in Resources */,
			);
			runOnlyForDeploymentPostprocessing = 0;
		};
		3719F66D20F5BE0C0046D568 /* Resources */ = {
			isa = PBXResourcesBuildPhase;
			buildActionMask = 2147483647;
			files = (
			);
			runOnlyForDeploymentPostprocessing = 0;
		};
/* End PBXResourcesBuildPhase section */

/* Begin PBXSourcesBuildPhase section */
		3719F65720F5BE0B0046D568 /* Sources */ = {
			isa = PBXSourcesBuildPhase;
			buildActionMask = 2147483647;
			files = (
				3719F66120F5BE0B0046D568 /* ViewController.swift in Sources */,
				3719F65F20F5BE0B0046D568 /* AppDelegate.swift in Sources */,
			);
			runOnlyForDeploymentPostprocessing = 0;
		};
		3719F66B20F5BE0C0046D568 /* Sources */ = {
			isa = PBXSourcesBuildPhase;
			buildActionMask = 2147483647;
			files = (
				3719F67420F5BE0C0046D568 /* bubble_animationTests.swift in Sources */,
			);
			runOnlyForDeploymentPostprocessing = 0;
		};
/* End PBXSourcesBuildPhase section */

/* Begin PBXTargetDependency section */
		3719F67120F5BE0C0046D568 /* PBXTargetDependency */ = {
			isa = PBXTargetDependency;
			target = 3719F65A20F5BE0B0046D568 /* bubble animation */;
			targetProxy = 3719F67020F5BE0C0046D568 /* PBXContainerItemProxy */;
		};
/* End PBXTargetDependency section */

/* Begin PBXVariantGroup section */
		3719F66220F5BE0B0046D568 /* Main.storyboard */ = {
			isa = PBXVariantGroup;
			children = (
				3719F66320F5BE0B0046D568 /* Base */,
			);
			name = Main.storyboard;
			sourceTree = "<group>";
		};
		3719F66720F5BE0C0046D568 /* LaunchScreen.storyboard */ = {
			isa = PBXVariantGroup;
			children = (
				3719F66820F5BE0C0046D568 /* Base */,
			);
			name = LaunchScreen.storyboard;
			sourceTree = "<group>";
		};
/* End PBXVariantGroup section */

/* Begin XCBuildConfiguration section */
		3719F67620F5BE0C0046D568 /* Debug */ = {
			isa = XCBuildConfiguration;
			buildSettings = {
				ALWAYS_SEARCH_USER_PATHS = NO;
				CLANG_ANALYZER_NONNULL = YES;
				CLANG_ANALYZER_NUMBER_OBJECT_CONVERSION = YES_AGGRESSIVE;
				CLANG_CXX_LANGUAGE_STANDARD = "gnu++14";
				CLANG_CXX_LIBRARY = "libc++";
				CLANG_ENABLE_MODULES = YES;
				CLANG_ENABLE_OBJC_ARC = YES;
				CLANG_ENABLE_OBJC_WEAK = YES;
				CLANG_WARN_BLOCK_CAPTURE_AUTORELEASING = YES;
				CLANG_WARN_BOOL_CONVERSION = YES;
				CLANG_WARN_COMMA = YES;
				CLANG_WARN_CONSTANT_CONVERSION = YES;
				CLANG_WARN_DEPRECATED_OBJC_IMPLEMENTATIONS = YES;
				CLANG_WARN_DIRECT_OBJC_ISA_USAGE = YES_ERROR;
				CLANG_WARN_DOCUMENTATION_COMMENTS = YES;
				CLANG_WARN_EMPTY_BODY = YES;
				CLANG_WARN_ENUM_CONVERSION = YES;
				CLANG_WARN_INFINITE_RECURSION = YES;
				CLANG_WARN_INT_CONVERSION = YES;
				CLANG_WARN_NON_LITERAL_NULL_CONVERSION = YES;
				CLANG_WARN_OBJC_IMPLICIT_RETAIN_SELF = YES;
				CLANG_WARN_OBJC_LITERAL_CONVERSION = YES;
				CLANG_WARN_OBJC_ROOT_CLASS = YES_ERROR;
				CLANG_WARN_RANGE_LOOP_ANALYSIS = YES;
				CLANG_WARN_STRICT_PROTOTYPES = YES;
				CLANG_WARN_SUSPICIOUS_MOVE = YES;
				CLANG_WARN_UNGUARDED_AVAILABILITY = YES_AGGRESSIVE;
				CLANG_WARN_UNREACHABLE_CODE = YES;
				CLANG_WARN__DUPLICATE_METHOD_MATCH = YES;
				CODE_SIGN_IDENTITY = "iPhone Developer";
				COPY_PHASE_STRIP = NO;
				DEBUG_INFORMATION_FORMAT = dwarf;
				ENABLE_STRICT_OBJC_MSGSEND = YES;
				ENABLE_TESTABILITY = YES;
				GCC_C_LANGUAGE_STANDARD = gnu11;
				GCC_DYNAMIC_NO_PIC = NO;
				GCC_NO_COMMON_BLOCKS = YES;
				GCC_OPTIMIZATION_LEVEL = 0;
				GCC_PREPROCESSOR_DEFINITIONS = (
					"DEBUG=1",
					"$(inherited)",
				);
				GCC_WARN_64_TO_32_BIT_CONVERSION = YES;
				GCC_WARN_ABOUT_RETURN_TYPE = YES_ERROR;
				GCC_WARN_UNDECLARED_SELECTOR = YES;
				GCC_WARN_UNINITIALIZED_AUTOS = YES_AGGRESSIVE;
				GCC_WARN_UNUSED_FUNCTION = YES;
				GCC_WARN_UNUSED_VARIABLE = YES;
				IPHONEOS_DEPLOYMENT_TARGET = 11.4;
				MTL_ENABLE_DEBUG_INFO = YES;
				ONLY_ACTIVE_ARCH = YES;
				SDKROOT = iphoneos;
				SWIFT_ACTIVE_COMPILATION_CONDITIONS = DEBUG;
				SWIFT_OPTIMIZATION_LEVEL = "-Onone";
			};
			name = Debug;
		};
		3719F67720F5BE0C0046D568 /* Release */ = {
			isa = XCBuildConfiguration;
			buildSettings = {
				ALWAYS_SEARCH_USER_PATHS = NO;
				CLANG_ANALYZER_NONNULL = YES;
				CLANG_ANALYZER_NUMBER_OBJECT_CONVERSION = YES_AGGRESSIVE;
				CLANG_CXX_LANGUAGE_STANDARD = "gnu++14";
				CLANG_CXX_LIBRARY = "libc++";
				CLANG_ENABLE_MODULES = YES;
				CLANG_ENABLE_OBJC_ARC = YES;
				CLANG_ENABLE_OBJC_WEAK = YES;
				CLANG_WARN_BLOCK_CAPTURE_AUTORELEASING = YES;
				CLANG_WARN_BOOL_CONVERSION = YES;
				CLANG_WARN_COMMA = YES;
				CLANG_WARN_CONSTANT_CONVERSION = YES;
				CLANG_WARN_DEPRECATED_OBJC_IMPLEMENTATIONS = YES;
				CLANG_WARN_DIRECT_OBJC_ISA_USAGE = YES_ERROR;
				CLANG_WARN_DOCUMENTATION_COMMENTS = YES;
				CLANG_WARN_EMPTY_BODY = YES;
				CLANG_WARN_ENUM_CONVERSION = YES;
				CLANG_WARN_INFINITE_RECURSION = YES;
				CLANG_WARN_INT_CONVERSION = YES;
				CLANG_WARN_NON_LITERAL_NULL_CONVERSION = YES;
				CLANG_WARN_OBJC_IMPLICIT_RETAIN_SELF = YES;
				CLANG_WARN_OBJC_LITERAL_CONVERSION = YES;
				CLANG_WARN_OBJC_ROOT_CLASS = YES_ERROR;
				CLANG_WARN_RANGE_LOOP_ANALYSIS = YES;
				CLANG_WARN_STRICT_PROTOTYPES = YES;
				CLANG_WARN_SUSPICIOUS_MOVE = YES;
				CLANG_WARN_UNGUARDED_AVAILABILITY = YES_AGGRESSIVE;
				CLANG_WARN_UNREACHABLE_CODE = YES;
				CLANG_WARN__DUPLICATE_METHOD_MATCH = YES;
				CODE_SIGN_IDENTITY = "iPhone Developer";
				COPY_PHASE_STRIP = NO;
				DEBUG_INFORMATION_FORMAT = "dwarf-with-dsym";
				ENABLE_NS_ASSERTIONS = NO;
				ENABLE_STRICT_OBJC_MSGSEND = YES;
				GCC_C_LANGUAGE_STANDARD = gnu11;
				GCC_NO_COMMON_BLOCKS = YES;
				GCC_WARN_64_TO_32_BIT_CONVERSION = YES;
				GCC_WARN_ABOUT_RETURN_TYPE = YES_ERROR;
				GCC_WARN_UNDECLARED_SELECTOR = YES;
				GCC_WARN_UNINITIALIZED_AUTOS = YES_AGGRESSIVE;
				GCC_WARN_UNUSED_FUNCTION = YES;
				GCC_WARN_UNUSED_VARIABLE = YES;
				IPHONEOS_DEPLOYMENT_TARGET = 11.4;
				MTL_ENABLE_DEBUG_INFO = NO;
				SDKROOT = iphoneos;
				SWIFT_COMPILATION_MODE = wholemodule;
				SWIFT_OPTIMIZATION_LEVEL = "-O";
				VALIDATE_PRODUCT = YES;
			};
			name = Release;
		};
		3719F67920F5BE0C0046D568 /* Debug */ = {
			isa = XCBuildConfiguration;
			buildSettings = {
				ASSETCATALOG_COMPILER_APPICON_NAME = AppIcon;
				CODE_SIGN_STYLE = Automatic;
				DEVELOPMENT_TEAM = N55A3MSD3W;
				INFOPLIST_FILE = "bubble animation/Info.plist";
				LD_RUNPATH_SEARCH_PATHS = (
					"$(inherited)",
					"@executable_path/Frameworks",
				);
				PRODUCT_BUNDLE_IDENTIFIER = "test.bubble-animation";
				PRODUCT_NAME = "$(TARGET_NAME)";
				SWIFT_VERSION = 4.0;
				TARGETED_DEVICE_FAMILY = "1,2";
			};
			name = Debug;
		};
		3719F67A20F5BE0C0046D568 /* Release */ = {
			isa = XCBuildConfiguration;
			buildSettings = {
				ASSETCATALOG_COMPILER_APPICON_NAME = AppIcon;
				CODE_SIGN_STYLE = Automatic;
				DEVELOPMENT_TEAM = N55A3MSD3W;
				INFOPLIST_FILE = "bubble animation/Info.plist";
				LD_RUNPATH_SEARCH_PATHS = (
					"$(inherited)",
					"@executable_path/Frameworks",
				);
				PRODUCT_BUNDLE_IDENTIFIER = "test.bubble-animation";
				PRODUCT_NAME = "$(TARGET_NAME)";
				SWIFT_VERSION = 4.0;
				TARGETED_DEVICE_FAMILY = "1,2";
			};
			name = Release;
		};
		3719F67C20F5BE0C0046D568 /* Debug */ = {
			isa = XCBuildConfiguration;
			buildSettings = {
				ALWAYS_EMBED_SWIFT_STANDARD_LIBRARIES = YES;
				BUNDLE_LOADER = "$(TEST_HOST)";
				CODE_SIGN_STYLE = Automatic;
				DEVELOPMENT_TEAM = N55A3MSD3W;
				INFOPLIST_FILE = "bubble animationTests/Info.plist";
				LD_RUNPATH_SEARCH_PATHS = (
					"$(inherited)",
					"@executable_path/Frameworks",
					"@loader_path/Frameworks",
				);
				PRODUCT_BUNDLE_IDENTIFIER = "test.bubble-animationTests";
				PRODUCT_NAME = "$(TARGET_NAME)";
				SWIFT_VERSION = 4.0;
				TARGETED_DEVICE_FAMILY = "1,2";
				TEST_HOST = "$(BUILT_PRODUCTS_DIR)/bubble animation.app/bubble animation";
			};
			name = Debug;
		};
		3719F67D20F5BE0C0046D568 /* Release */ = {
			isa = XCBuildConfiguration;
			buildSettings = {
				ALWAYS_EMBED_SWIFT_STANDARD_LIBRARIES = YES;
				BUNDLE_LOADER = "$(TEST_HOST)";
				CODE_SIGN_STYLE = Automatic;
				DEVELOPMENT_TEAM = N55A3MSD3W;
				INFOPLIST_FILE = "bubble animationTests/Info.plist";
				LD_RUNPATH_SEARCH_PATHS = (
					"$(inherited)",
					"@executable_path/Frameworks",
					"@loader_path/Frameworks",
				);
				PRODUCT_BUNDLE_IDENTIFIER = "test.bubble-animationTests";
				PRODUCT_NAME = "$(TARGET_NAME)";
				SWIFT_VERSION = 4.0;
				TARGETED_DEVICE_FAMILY = "1,2";
				TEST_HOST = "$(BUILT_PRODUCTS_DIR)/bubble animation.app/bubble animation";
			};
			name = Release;
		};
/* End XCBuildConfiguration section */

/* Begin XCConfigurationList section */
		3719F65620F5BE0B0046D568 /* Build configuration list for PBXProject "bubble animation" */ = {
			isa = XCConfigurationList;
			buildConfigurations = (
				3719F67620F5BE0C0046D568 /* Debug */,
				3719F67720F5BE0C0046D568 /* Release */,
			);
			defaultConfigurationIsVisible = 0;
			defaultConfigurationName = Release;
		};
		3719F67820F5BE0C0046D568 /* Build configuration list for PBXNativeTarget "bubble animation" */ = {
			isa = XCConfigurationList;
			buildConfigurations = (
				3719F67920F5BE0C0046D568 /* Debug */,
				3719F67A20F5BE0C0046D568 /* Release */,
			);
			defaultConfigurationIsVisible = 0;
			defaultConfigurationName = Release;
		};
		3719F67B20F5BE0C0046D568 /* Build configuration list for PBXNativeTarget "bubble animationTests" */ = {
			isa = XCConfigurationList;
			buildConfigurations = (
				3719F67C20F5BE0C0046D568 /* Debug */,
				3719F67D20F5BE0C0046D568 /* Release */,
			);
			defaultConfigurationIsVisible = 0;
			defaultConfigurationName = Release;
		};
/* End XCConfigurationList section */
	};
	rootObject = 3719F65320F5BE0B0046D568 /* Project object */;
}
